
Microsoft Visual Studio Solution File, Format Version 12.00
# Visual Studio Version 17
VisualStudioVersion = 17.3.32804.467
MinimumVisualStudioVersion = 10.0.40219.1
Project("{FAE04EC0-301F-11D3-BF4B-00C04F79EFBC}") = "MQTTServer", "MQTTServer\MQTTServer.csproj", "{5F49EE99-D201-47A0-8A5A-FE86B86A3B33}"
EndProject
Project("{FAE04EC0-301F-11D3-BF4B-00C04F79EFBC}") = "MQTTServer.Backend", "MQTTServer.Backend\MQTTServer.Backend.csproj", "{1E7C5D38-9396-4BA4-968E-B128B230ADDE}"
EndProject
Global
	GlobalSection(SolutionConfigurationPlatforms) = preSolution
		Debug|Any CPU = Debug|Any CPU
		Release|Any CPU = Release|Any CPU
	EndGlobalSection
	GlobalSection(ProjectConfigurationPlatforms) = postSolution
		{5F49EE99-D201-47A0-8A5A-FE86B86A3B33}.Debug|Any CPU.ActiveCfg = Debug|Any CPU
		{5F49EE99-D201-47A0-8A5A-FE86B86A3B33}.Debug|Any CPU.Build.0 = Debug|Any CPU
		{5F49EE99-D201-47A0-8A5A-FE86B86A3B33}.Release|Any CPU.ActiveCfg = Release|Any CPU
		{5F49EE99-D201-47A0-8A5A-FE86B86A3B33}.Release|Any CPU.Build.0 = Release|Any CPU
		{1E7C5D38-9396-4BA4-968E-B128B230ADDE}.Debug|Any CPU.ActiveCfg = Debug|Any CPU
		{1E7C5D38-9396-4BA4-968E-B128B230ADDE}.Debug|Any CPU.Build.0 = Debug|Any CPU
		{1E7C5D38-9396-4BA4-968E-B128B230ADDE}.Release|Any CPU.ActiveCfg = Release|Any CPU
		{1E7C5D38-9396-4BA4-968E-B128B230ADDE}.Release|Any CPU.Build.0 = Release|Any CPU
	EndGlobalSection
	GlobalSection(SolutionProperties) = preSolution
		HideSolutionNode = FALSE
	EndGlobalSection
	GlobalSection(ExtensibilityGlobals) = postSolution
		SolutionGuid = {C25548B6-B930-4EB3-B89F-B23197DF21D5}
	EndGlobalSection
EndGlobal
